
Microsoft Visual Studio Solution File, Format Version 12.00
# Visual Studio Version 17
VisualStudioVersion = 17.14.37027.9 d17.14
MinimumVisualStudioVersion = 10.0.40219.1
Project("{FAE04EC0-301F-11D3-BF4B-00C04F79EFBC}") = "LABORATORIJSKEOOAD", "LABORATORIJSKEOOAD\LABORATORIJSKEOOAD.csproj", "{19519A4C-94DC-49C8-8B5D-D2BA03F370EC}"
EndProject
Project("{FAE04EC0-301F-11D3-BF4B-00C04F79EFBC}") = "testLibrary", "testLibrary\testLibrary.csproj", "{FA2AB7D6-9569-4ABE-800C-3C2B7FEEF238}"
EndProject
Global
	GlobalSection(SolutionConfigurationPlatforms) = preSolution
		Debug|Any CPU = Debug|Any CPU
		Release|Any CPU = Release|Any CPU
	EndGlobalSection
	GlobalSection(ProjectConfigurationPlatforms) = postSolution
		{19519A4C-94DC-49C8-8B5D-D2BA03F370EC}.Debug|Any CPU.ActiveCfg = Debug|Any CPU
		{19519A4C-94DC-49C8-8B5D-D2BA03F370EC}.Debug|Any CPU.Build.0 = Debug|Any CPU
		{19519A4C-94DC-49C8-8B5D-D2BA03F370EC}.Release|Any CPU.ActiveCfg = Release|Any CPU
		{19519A4C-94DC-49C8-8B5D-D2BA03F370EC}.Release|Any CPU.Build.0 = Release|Any CPU
		{FA2AB7D6-9569-4ABE-800C-3C2B7FEEF238}.Debug|Any CPU.ActiveCfg = Debug|Any CPU
		{FA2AB7D6-9569-4ABE-800C-3C2B7FEEF238}.Debug|Any CPU.Build.0 = Debug|Any CPU
		{FA2AB7D6-9569-4ABE-800C-3C2B7FEEF238}.Release|Any CPU.ActiveCfg = Release|Any CPU
		{FA2AB7D6-9569-4ABE-800C-3C2B7FEEF238}.Release|Any CPU.Build.0 = Release|Any CPU
	EndGlobalSection
	GlobalSection(SolutionProperties) = preSolution
		HideSolutionNode = FALSE
	EndGlobalSection
	GlobalSection(ExtensibilityGlobals) = postSolution
		SolutionGuid = {15967EAE-1EF9-40AB-8E99-B48141C1F2BB}
	EndGlobalSection
EndGlobal
