
Microsoft Visual Studio Solution File, Format Version 12.00
# Visual Studio Version 17
VisualStudioVersion = 17.14.37027.9
MinimumVisualStudioVersion = 10.0.40219.1
Project("{FAE04EC0-301F-11D3-BF4B-00C04F79EFBC}") = "ParkirajBa", "ParkirajBa\ParkirajBa.csproj", "{3851E38D-8A4B-4D24-8287-2D5C188BD31E}"
EndProject
Global
	GlobalSection(SolutionConfigurationPlatforms) = preSolution
		Debug|Any CPU = Debug|Any CPU
		Release|Any CPU = Release|Any CPU
	EndGlobalSection
	GlobalSection(ProjectConfigurationPlatforms) = postSolution
		{3851E38D-8A4B-4D24-8287-2D5C188BD31E}.Debug|Any CPU.ActiveCfg = Debug|Any CPU
		{3851E38D-8A4B-4D24-8287-2D5C188BD31E}.Debug|Any CPU.Build.0 = Debug|Any CPU
		{3851E38D-8A4B-4D24-8287-2D5C188BD31E}.Release|Any CPU.ActiveCfg = Release|Any CPU
		{3851E38D-8A4B-4D24-8287-2D5C188BD31E}.Release|Any CPU.Build.0 = Release|Any CPU
	EndGlobalSection
	GlobalSection(SolutionProperties) = preSolution
		HideSolutionNode = FALSE
	EndGlobalSection
	GlobalSection(ExtensibilityGlobals) = postSolution
		SolutionGuid = {6C530391-056B-462E-8D33-388C97905866}
	EndGlobalSection
EndGlobal
